// !$*UTF8*$!
{
	archiveVersion = 1;
	classes = {
	};
	objectVersion = 46;
	objects = {

/* Begin PBXBuildFile section */
		2829726C686615B975DF8AF8 /* Pods_Instagram2.framework in Frameworks */ = {isa = PBXBuildFile; fileRef = 8D6703DAB399DCE5CCF2C2A1 /* Pods_Instagram2.framework */; };
		CA1C339A1E39B4B000F3F70F /* AppDelegate.swift in Sources */ = {isa = PBXBuildFile; fileRef = CA1C33991E39B4B000F3F70F /* AppDelegate.swift */; };
		CA1C339C1E39B4B000F3F70F /* ViewController.swift in Sources */ = {isa = PBXBuildFile; fileRef = CA1C339B1E39B4B000F3F70F /* ViewController.swift */; };
		CA1C339F1E39B4B000F3F70F /* Main.storyboard in Resources */ = {isa = PBXBuildFile; fileRef = CA1C339D1E39B4B000F3F70F /* Main.storyboard */; };
		CA1C33A11E39B4B000F3F70F /* Assets.xcassets in Resources */ = {isa = PBXBuildFile; fileRef = CA1C33A01E39B4B000F3F70F /* Assets.xcassets */; };
		CA1C33A41E39B4B000F3F70F /* LaunchScreen.storyboard in Resources */ = {isa = PBXBuildFile; fileRef = CA1C33A21E39B4B000F3F70F /* LaunchScreen.storyboard */; };
		CA1C33AC1E39B4EF00F3F70F /* LoginViewController.swift in Sources */ = {isa = PBXBuildFile; fileRef = CA1C33AB1E39B4EF00F3F70F /* LoginViewController.swift */; };
		CA1C33AE1E39B4FB00F3F70F /* HomeViewController.swift in Sources */ = {isa = PBXBuildFile; fileRef = CA1C33AD1E39B4FB00F3F70F /* HomeViewController.swift */; };
		CA1C33B01E39B50600F3F70F /* SettingViewController.swift in Sources */ = {isa = PBXBuildFile; fileRef = CA1C33AF1E39B50600F3F70F /* SettingViewController.swift */; };
		CA1C33B21E39B51500F3F70F /* ImageSelectViewController.swift in Sources */ = {isa = PBXBuildFile; fileRef = CA1C33B11E39B51500F3F70F /* ImageSelectViewController.swift */; };
		CA1C33B41E39B51C00F3F70F /* PostViewController.swift in Sources */ = {isa = PBXBuildFile; fileRef = CA1C33B31E39B51C00F3F70F /* PostViewController.swift */; };
/* End PBXBuildFile section */

/* Begin PBXFileReference section */
		34700E99C24D9202BFD591A5 /* Pods-Instagram2.debug.xcconfig */ = {isa = PBXFileReference; includeInIndex = 1; lastKnownFileType = text.xcconfig; name = "Pods-Instagram2.debug.xcconfig"; path = "Pods/Target Support Files/Pods-Instagram2/Pods-Instagram2.debug.xcconfig"; sourceTree = "<group>"; };
		8D6703DAB399DCE5CCF2C2A1 /* Pods_Instagram2.framework */ = {isa = PBXFileReference; explicitFileType = wrapper.framework; includeInIndex = 0; path = Pods_Instagram2.framework; sourceTree = BUILT_PRODUCTS_DIR; };
		CA1C33961E39B4B000F3F70F /* Instagram2.app */ = {isa = PBXFileReference; explicitFileType = wrapper.application; includeInIndex = 0; path = Instagram2.app; sourceTree = BUILT_PRODUCTS_DIR; };
		CA1C33991E39B4B000F3F70F /* AppDelegate.swift */ = {isa = PBXFileReference; lastKnownFileType = sourcecode.swift; path = AppDelegate.swift; sourceTree = "<group>"; };
		CA1C339B1E39B4B000F3F70F /* ViewController.swift */ = {isa = PBXFileReference; lastKnownFileType = sourcecode.swift; path = ViewController.swift; sourceTree = "<group>"; };
		CA1C339E1E39B4B000F3F70F /* Base */ = {isa = PBXFileReference; lastKnownFileType = file.storyboard; name = Base; path = Base.lproj/Main.storyboard; sourceTree = "<group>"; };
		CA1C33A01E39B4B000F3F70F /* Assets.xcassets */ = {isa = PBXFileReference; lastKnownFileType = folder.assetcatalog; path = Assets.xcassets; sourceTree = "<group>"; };
		CA1C33A31E39B4B000F3F70F /* Base */ = {isa = PBXFileReference; lastKnownFileType = file.storyboard; name = Base; path = Base.lproj/LaunchScreen.storyboard; sourceTree = "<group>"; };
		CA1C33A51E39B4B000F3F70F /* Info.plist */ = {isa = PBXFileReference; lastKnownFileType = text.plist.xml; path = Info.plist; sourceTree = "<group>"; };
		CA1C33AB1E39B4EF00F3F70F /* LoginViewController.swift */ = {isa = PBXFileReference; fileEncoding = 4; lastKnownFileType = sourcecode.swift; path = LoginViewController.swift; sourceTree = "<group>"; };
		CA1C33AD1E39B4FB00F3F70F /* HomeViewController.swift */ = {isa = PBXFileReference; fileEncoding = 4; lastKnownFileType = sourcecode.swift; path = HomeViewController.swift; sourceTree = "<group>"; };
		CA1C33AF1E39B50600F3F70F /* SettingViewController.swift */ = {isa = PBXFileReference; fileEncoding = 4; lastKnownFileType = sourcecode.swift; path = SettingViewController.swift; sourceTree = "<group>"; };
		CA1C33B11E39B51500F3F70F /* ImageSelectViewController.swift */ = {isa = PBXFileReference; fileEncoding = 4; lastKnownFileType = sourcecode.swift; path = ImageSelectViewController.swift; sourceTree = "<group>"; };
		CA1C33B31E39B51C00F3F70F /* PostViewController.swift */ = {isa = PBXFileReference; fileEncoding = 4; lastKnownFileType = sourcecode.swift; path = PostViewController.swift; sourceTree = "<group>"; };
		DF841A763F6B01AA495B0740 /* Pods-Instagram2.release.xcconfig */ = {isa = PBXFileReference; includeInIndex = 1; lastKnownFileType = text.xcconfig; name = "Pods-Instagram2.release.xcconfig"; path = "Pods/Target Support Files/Pods-Instagram2/Pods-Instagram2.release.xcconfig"; sourceTree = "<group>"; };
/* End PBXFileReference section */

/* Begin PBXFrameworksBuildPhase section */
		CA1C33931E39B4B000F3F70F /* Frameworks */ = {
			isa = PBXFrameworksBuildPhase;
			buildActionMask = 2147483647;
			files = (
				2829726C686615B975DF8AF8 /* Pods_Instagram2.framework in Frameworks */,
			);
			runOnlyForDeploymentPostprocessing = 0;
		};
/* End PBXFrameworksBuildPhase section */

/* Begin PBXGroup section */
		8CED45D9623851DB0FF7DAF6 /* Pods */ = {
			isa = PBXGroup;
			children = (
				34700E99C24D9202BFD591A5 /* Pods-Instagram2.debug.xcconfig */,
				DF841A763F6B01AA495B0740 /* Pods-Instagram2.release.xcconfig */,
			);
			name = Pods;
			sourceTree = "<group>";
		};
		B6637D71DFE16CA1FC6404A8 /* Frameworks */ = {
			isa = PBXGroup;
			children = (
				8D6703DAB399DCE5CCF2C2A1 /* Pods_Instagram2.framework */,
			);
			name = Frameworks;
			sourceTree = "<group>";
		};
		CA1C338D1E39B4B000F3F70F = {
			isa = PBXGroup;
			children = (
				CA1C33981E39B4B000F3F70F /* Instagram2 */,
				CA1C33971E39B4B000F3F70F /* Products */,
				8CED45D9623851DB0FF7DAF6 /* Pods */,
				B6637D71DFE16CA1FC6404A8 /* Frameworks */,
			);
			sourceTree = "<group>";
		};
		CA1C33971E39B4B000F3F70F /* Products */ = {
			isa = PBXGroup;
			children = (
				CA1C33961E39B4B000F3F70F /* Instagram2.app */,
			);
			name = Products;
			sourceTree = "<group>";
		};
		CA1C33981E39B4B000F3F70F /* Instagram2 */ = {
			isa = PBXGroup;
			children = (
				CA1C33991E39B4B000F3F70F /* AppDelegate.swift */,
				CA1C339B1E39B4B000F3F70F /* ViewController.swift */,
				CA1C339D1E39B4B000F3F70F /* Main.storyboard */,
				CA1C33A01E39B4B000F3F70F /* Assets.xcassets */,
				CA1C33AB1E39B4EF00F3F70F /* LoginViewController.swift */,
				CA1C33AD1E39B4FB00F3F70F /* HomeViewController.swift */,
				CA1C33AF1E39B50600F3F70F /* SettingViewController.swift */,
				CA1C33B11E39B51500F3F70F /* ImageSelectViewController.swift */,
				CA1C33B31E39B51C00F3F70F /* PostViewController.swift */,
				CA1C33A21E39B4B000F3F70F /* LaunchScreen.storyboard */,
				CA1C33A51E39B4B000F3F70F /* Info.plist */,
			);
			path = Instagram2;
			sourceTree = "<group>";
		};
/* End PBXGroup section */

/* Begin PBXNativeTarget section */
		CA1C33951E39B4B000F3F70F /* Instagram2 */ = {
			isa = PBXNativeTarget;
			buildConfigurationList = CA1C33A81E39B4B000F3F70F /* Build configuration list for PBXNativeTarget "Instagram2" */;
			buildPhases = (
				873326F99A0F9CEE2B2C2610 /* [CP] Check Pods Manifest.lock */,
				CA1C33921E39B4B000F3F70F /* Sources */,
				CA1C33931E39B4B000F3F70F /* Frameworks */,
				CA1C33941E39B4B000F3F70F /* Resources */,
				BB0601D7BBC749D042D479EF /* [CP] Embed Pods Frameworks */,
				3CE6C06A6FBC29FBFD44C2F9 /* [CP] Copy Pods Resources */,
			);
			buildRules = (
			);
			dependencies = (
			);
			name = Instagram2;
			productName = Instagram2;
			productReference = CA1C33961E39B4B000F3F70F /* Instagram2.app */;
			productType = "com.apple.product-type.application";
		};
/* End PBXNativeTarget section */

/* Begin PBXProject section */
		CA1C338E1E39B4B000F3F70F /* Project object */ = {
			isa = PBXProject;
			attributes = {
				LastSwiftUpdateCheck = 0820;
				LastUpgradeCheck = 0820;
				ORGANIZATIONNAME = wkojiro;
				TargetAttributes = {
					CA1C33951E39B4B000F3F70F = {
						CreatedOnToolsVersion = 8.2.1;
						DevelopmentTeam = ML63AP5SQ7;
						ProvisioningStyle = Automatic;
					};
				};
			};
			buildConfigurationList = CA1C33911E39B4B000F3F70F /* Build configuration list for PBXProject "Instagram2" */;
			compatibilityVersion = "Xcode 3.2";
			developmentRegion = English;
			hasScannedForEncodings = 0;
			knownRegions = (
				en,
				Base,
			);
			mainGroup = CA1C338D1E39B4B000F3F70F;
			productRefGroup = CA1C33971E39B4B000F3F70F /* Products */;
			projectDirPath = "";
			projectRoot = "";
			targets = (
				CA1C33951E39B4B000F3F70F /* Instagram2 */,
			);
		};
/* End PBXProject section */

/* Begin PBXResourcesBuildPhase section */
		CA1C33941E39B4B000F3F70F /* Resources */ = {
			isa = PBXResourcesBuildPhase;
			buildActionMask = 2147483647;
			files = (
				CA1C33A41E39B4B000F3F70F /* LaunchScreen.storyboard in Resources */,
				CA1C33A11E39B4B000F3F70F /* Assets.xcassets in Resources */,
				CA1C339F1E39B4B000F3F70F /* Main.storyboard in Resources */,
			);
			runOnlyForDeploymentPostprocessing = 0;
		};
/* End PBXResourcesBuildPhase section */

/* Begin PBXShellScriptBuildPhase section */
		3CE6C06A6FBC29FBFD44C2F9 /* [CP] Copy Pods Resources */ = {
			isa = PBXShellScriptBuildPhase;
			buildActionMask = 2147483647;
			files = (
			);
			inputPaths = (
			);
			name = "[CP] Copy Pods Resources";
			outputPaths = (
			);
			runOnlyForDeploymentPostprocessing = 0;
			shellPath = /bin/sh;
			shellScript = "\"${SRCROOT}/Pods/Target Support Files/Pods-Instagram2/Pods-Instagram2-resources.sh\"\n";
			showEnvVarsInLog = 0;
		};
		873326F99A0F9CEE2B2C2610 /* [CP] Check Pods Manifest.lock */ = {
			isa = PBXShellScriptBuildPhase;
			buildActionMask = 2147483647;
			files = (
			);
			inputPaths = (
			);
			name = "[CP] Check Pods Manifest.lock";
			outputPaths = (
			);
			runOnlyForDeploymentPostprocessing = 0;
			shellPath = /bin/sh;
			shellScript = "diff \"${PODS_ROOT}/../Podfile.lock\" \"${PODS_ROOT}/Manifest.lock\" > /dev/null\nif [ $? != 0 ] ; then\n    # print error to STDERR\n    echo \"error: The sandbox is not in sync with the Podfile.lock. Run 'pod install' or update your CocoaPods installation.\" >&2\n    exit 1\nfi\n";
			showEnvVarsInLog = 0;
		};
		BB0601D7BBC749D042D479EF /* [CP] Embed Pods Frameworks */ = {
			isa = PBXShellScriptBuildPhase;
			buildActionMask = 2147483647;
			files = (
			);
			inputPaths = (
			);
			name = "[CP] Embed Pods Frameworks";
			outputPaths = (
			);
			runOnlyForDeploymentPostprocessing = 0;
			shellPath = /bin/sh;
			shellScript = "\"${SRCROOT}/Pods/Target Support Files/Pods-Instagram2/Pods-Instagram2-frameworks.sh\"\n";
			showEnvVarsInLog = 0;
		};
/* End PBXShellScriptBuildPhase section */

/* Begin PBXSourcesBuildPhase section */
		CA1C33921E39B4B000F3F70F /* Sources */ = {
			isa = PBXSourcesBuildPhase;
			buildActionMask = 2147483647;
			files = (
				CA1C33B21E39B51500F3F70F /* ImageSelectViewController.swift in Sources */,
				CA1C33B01E39B50600F3F70F /* SettingViewController.swift in Sources */,
				CA1C33B41E39B51C00F3F70F /* PostViewController.swift in Sources */,
				CA1C33AC1E39B4EF00F3F70F /* LoginViewController.swift in Sources */,
				CA1C339C1E39B4B000F3F70F /* ViewController.swift in Sources */,
				CA1C339A1E39B4B000F3F70F /* AppDelegate.swift in Sources */,
				CA1C33AE1E39B4FB00F3F70F /* HomeViewController.swift in Sources */,
			);
			runOnlyForDeploymentPostprocessing = 0;
		};
/* End PBXSourcesBuildPhase section */

/* Begin PBXVariantGroup section */
		CA1C339D1E39B4B000F3F70F /* Main.storyboard */ = {
			isa = PBXVariantGroup;
			children = (
				CA1C339E1E39B4B000F3F70F /* Base */,
			);
			name = Main.storyboard;
			sourceTree = "<group>";
		};
		CA1C33A21E39B4B000F3F70F /* LaunchScreen.storyboard */ = {
			isa = PBXVariantGroup;
			children = (
				CA1C33A31E39B4B000F3F70F /* Base */,
			);
			name = LaunchScreen.storyboard;
			sourceTree = "<group>";
		};
/* End PBXVariantGroup section */

/* Begin XCBuildConfiguration section */
		CA1C33A61E39B4B000F3F70F /* Debug */ = {
			isa = XCBuildConfiguration;
			buildSettings = {
				ALWAYS_SEARCH_USER_PATHS = NO;
				CLANG_ANALYZER_NONNULL = YES;
				CLANG_CXX_LANGUAGE_STANDARD = "gnu++0x";
				CLANG_CXX_LIBRARY = "libc++";
				CLANG_ENABLE_MODULES = YES;
				CLANG_ENABLE_OBJC_ARC = YES;
				CLANG_WARN_BOOL_CONVERSION = YES;
				CLANG_WARN_CONSTANT_CONVERSION = YES;
				CLANG_WARN_DIRECT_OBJC_ISA_USAGE = YES_ERROR;
				CLANG_WARN_DOCUMENTATION_COMMENTS = YES;
				CLANG_WARN_EMPTY_BODY = YES;
				CLANG_WARN_ENUM_CONVERSION = YES;
				CLANG_WARN_INFINITE_RECURSION = YES;
				CLANG_WARN_INT_CONVERSION = YES;
				CLANG_WARN_OBJC_ROOT_CLASS = YES_ERROR;
				CLANG_WARN_SUSPICIOUS_MOVE = YES;
				CLANG_WARN_UNREACHABLE_CODE = YES;
				CLANG_WARN__DUPLICATE_METHOD_MATCH = YES;
				"CODE_SIGN_IDENTITY[sdk=iphoneos*]" = "iPhone Developer";
				COPY_PHASE_STRIP = NO;
				DEBUG_INFORMATION_FORMAT = dwarf;
				ENABLE_STRICT_OBJC_MSGSEND = YES;
				ENABLE_TESTABILITY = YES;
				GCC_C_LANGUAGE_STANDARD = gnu99;
				GCC_DYNAMIC_NO_PIC = NO;
				GCC_NO_COMMON_BLOCKS = YES;
				GCC_OPTIMIZATION_LEVEL = 0;
				GCC_PREPROCESSOR_DEFINITIONS = (
					"DEBUG=1",
					"$(inherited)",
				);
				GCC_WARN_64_TO_32_BIT_CONVERSION = YES;
				GCC_WARN_ABOUT_RETURN_TYPE = YES_ERROR;
				GCC_WARN_UNDECLARED_SELECTOR = YES;
				GCC_WARN_UNINITIALIZED_AUTOS = YES_AGGRESSIVE;
				GCC_WARN_UNUSED_FUNCTION = YES;
				GCC_WARN_UNUSED_VARIABLE = YES;
				IPHONEOS_DEPLOYMENT_TARGET = 10.2;
				MTL_ENABLE_DEBUG_INFO = YES;
				ONLY_ACTIVE_ARCH = YES;
				SDKROOT = iphoneos;
				SWIFT_ACTIVE_COMPILATION_CONDITIONS = DEBUG;
				SWIFT_OPTIMIZATION_LEVEL = "-Onone";
			};
			name = Debug;
		};
		CA1C33A71E39B4B000F3F70F /* Release */ = {
			isa = XCBuildConfiguration;
			buildSettings = {
				ALWAYS_SEARCH_USER_PATHS = NO;
				CLANG_ANALYZER_NONNULL = YES;
				CLANG_CXX_LANGUAGE_STANDARD = "gnu++0x";
				CLANG_CXX_LIBRARY = "libc++";
				CLANG_ENABLE_MODULES = YES;
				CLANG_ENABLE_OBJC_ARC = YES;
				CLANG_WARN_BOOL_CONVERSION = YES;
				CLANG_WARN_CONSTANT_CONVERSION = YES;
				CLANG_WARN_DIRECT_OBJC_ISA_USAGE = YES_ERROR;
				CLANG_WARN_DOCUMENTATION_COMMENTS = YES;
				CLANG_WARN_EMPTY_BODY = YES;
				CLANG_WARN_ENUM_CONVERSION = YES;
				CLANG_WARN_INFINITE_RECURSION = YES;
				CLANG_WARN_INT_CONVERSION = YES;
				CLANG_WARN_OBJC_ROOT_CLASS = YES_ERROR;
				CLANG_WARN_SUSPICIOUS_MOVE = YES;
				CLANG_WARN_UNREACHABLE_CODE = YES;
				CLANG_WARN__DUPLICATE_METHOD_MATCH = YES;
				"CODE_SIGN_IDENTITY[sdk=iphoneos*]" = "iPhone Developer";
				COPY_PHASE_STRIP = NO;
				DEBUG_INFORMATION_FORMAT = "dwarf-with-dsym";
				ENABLE_NS_ASSERTIONS = NO;
				ENABLE_STRICT_OBJC_MSGSEND = YES;
				GCC_C_LANGUAGE_STANDARD = gnu99;
				GCC_NO_COMMON_BLOCKS = YES;
				GCC_WARN_64_TO_32_BIT_CONVERSION = YES;
				GCC_WARN_ABOUT_RETURN_TYPE = YES_ERROR;
				GCC_WARN_UNDECLARED_SELECTOR = YES;
				GCC_WARN_UNINITIALIZED_AUTOS = YES_AGGRESSIVE;
				GCC_WARN_UNUSED_FUNCTION = YES;
				GCC_WARN_UNUSED_VARIABLE = YES;
				IPHONEOS_DEPLOYMENT_TARGET = 10.2;
				MTL_ENABLE_DEBUG_INFO = NO;
				SDKROOT = iphoneos;
				SWIFT_OPTIMIZATION_LEVEL = "-Owholemodule";
				VALIDATE_PRODUCT = YES;
			};
			name = Release;
		};
		CA1C33A91E39B4B000F3F70F /* Debug */ = {
			isa = XCBuildConfiguration;
			baseConfigurationReference = 34700E99C24D9202BFD591A5 /* Pods-Instagram2.debug.xcconfig */;
			buildSettings = {
				ASSETCATALOG_COMPILER_APPICON_NAME = AppIcon;
				DEVELOPMENT_TEAM = ML63AP5SQ7;
				INFOPLIST_FILE = Instagram2/Info.plist;
				LD_RUNPATH_SEARCH_PATHS = "$(inherited) @executable_path/Frameworks";
				PRODUCT_BUNDLE_IDENTIFIER = jp.techacademy.wkojiro.Instagram2;
				PRODUCT_NAME = "$(TARGET_NAME)";
				SWIFT_VERSION = 3.0;
			};
			name = Debug;
		};
		CA1C33AA1E39B4B000F3F70F /* Release */ = {
			isa = XCBuildConfiguration;
			baseConfigurationReference = DF841A763F6B01AA495B0740 /* Pods-Instagram2.release.xcconfig */;
			buildSettings = {
				ASSETCATALOG_COMPILER_APPICON_NAME = AppIcon;
				DEVELOPMENT_TEAM = ML63AP5SQ7;
				INFOPLIST_FILE = Instagram2/Info.plist;
				LD_RUNPATH_SEARCH_PATHS = "$(inherited) @executable_path/Frameworks";
				PRODUCT_BUNDLE_IDENTIFIER = jp.techacademy.wkojiro.Instagram2;
				PRODUCT_NAME = "$(TARGET_NAME)";
				SWIFT_VERSION = 3.0;
			};
			name = Release;
		};
/* End XCBuildConfiguration section */

/* Begin XCConfigurationList section */
		CA1C33911E39B4B000F3F70F /* Build configuration list for PBXProject "Instagram2" */ = {
			isa = XCConfigurationList;
			buildConfigurations = (
				CA1C33A61E39B4B000F3F70F /* Debug */,
				CA1C33A71E39B4B000F3F70F /* Release */,
			);
			defaultConfigurationIsVisible = 0;
			defaultConfigurationName = Release;
		};
		CA1C33A81E39B4B000F3F70F /* Build configuration list for PBXNativeTarget "Instagram2" */ = {
			isa = XCConfigurationList;
			buildConfigurations = (
				CA1C33A91E39B4B000F3F70F /* Debug */,
				CA1C33AA1E39B4B000F3F70F /* Release */,
			);
			defaultConfigurationIsVisible = 0;
		};
/* End XCConfigurationList section */
	};
	rootObject = CA1C338E1E39B4B000F3F70F /* Project object */;
}
